
Microsoft Visual Studio Solution File, Format Version 12.00
# Visual Studio Version 16
VisualStudioVersion = 16.0.29519.181
MinimumVisualStudioVersion = 10.0.40219.1
Project("{9A19103F-16F7-4668-BE54-9A1E7A4F7556}") = "Task1", "Task1\Task1.csproj", "{0CCAB6DD-1D1C-4DD9-8AB3-E3D42C9AB975}"
EndProject
Project("{FAE04EC0-301F-11D3-BF4B-00C04F79EFBC}") = "Task2", "Task2\Task2.csproj", "{751518AA-DB23-4033-BA3A-18F55F621C8F}"
EndProject
Project("{FAE04EC0-301F-11D3-BF4B-00C04F79EFBC}") = "Task3", "Task3\Task3.csproj", "{7A713A59-04F2-43C1-979E-AA20F9E41064}"
EndProject
Project("{FAE04EC0-301F-11D3-BF4B-00C04F79EFBC}") = "Task4", "Task4\Task4.csproj", "{E0B9CE1A-3439-4549-A21F-75A0A5E28BCE}"
EndProject
Project("{FAE04EC0-301F-11D3-BF4B-00C04F79EFBC}") = "Task5", "Task5\Task5.csproj", "{8139861E-203E-4963-B735-55206F186543}"
EndProject
Project("{FAE04EC0-301F-11D3-BF4B-00C04F79EFBC}") = "Task6", "Task6\Task6.csproj", "{4F9E8D8B-5D91-4C0C-BB08-474B1185BC00}"
EndProject
Global
	GlobalSection(SolutionConfigurationPlatforms) = preSolution
		Debug|Any CPU = Debug|Any CPU
		Release|Any CPU = Release|Any CPU
	EndGlobalSection
	GlobalSection(ProjectConfigurationPlatforms) = postSolution
		{0CCAB6DD-1D1C-4DD9-8AB3-E3D42C9AB975}.Debug|Any CPU.ActiveCfg = Debug|Any CPU
		{0CCAB6DD-1D1C-4DD9-8AB3-E3D42C9AB975}.Debug|Any CPU.Build.0 = Debug|Any CPU
		{0CCAB6DD-1D1C-4DD9-8AB3-E3D42C9AB975}.Release|Any CPU.ActiveCfg = Release|Any CPU
		{0CCAB6DD-1D1C-4DD9-8AB3-E3D42C9AB975}.Release|Any CPU.Build.0 = Release|Any CPU
		{751518AA-DB23-4033-BA3A-18F55F621C8F}.Debug|Any CPU.ActiveCfg = Debug|Any CPU
		{751518AA-DB23-4033-BA3A-18F55F621C8F}.Debug|Any CPU.Build.0 = Debug|Any CPU
		{751518AA-DB23-4033-BA3A-18F55F621C8F}.Release|Any CPU.ActiveCfg = Release|Any CPU
		{751518AA-DB23-4033-BA3A-18F55F621C8F}.Release|Any CPU.Build.0 = Release|Any CPU
		{7A713A59-04F2-43C1-979E-AA20F9E41064}.Debug|Any CPU.ActiveCfg = Debug|Any CPU
		{7A713A59-04F2-43C1-979E-AA20F9E41064}.Debug|Any CPU.Build.0 = Debug|Any CPU
		{7A713A59-04F2-43C1-979E-AA20F9E41064}.Release|Any CPU.ActiveCfg = Release|Any CPU
		{7A713A59-04F2-43C1-979E-AA20F9E41064}.Release|Any CPU.Build.0 = Release|Any CPU
		{E0B9CE1A-3439-4549-A21F-75A0A5E28BCE}.Debug|Any CPU.ActiveCfg = Debug|Any CPU
		{E0B9CE1A-3439-4549-A21F-75A0A5E28BCE}.Debug|Any CPU.Build.0 = Debug|Any CPU
		{E0B9CE1A-3439-4549-A21F-75A0A5E28BCE}.Release|Any CPU.ActiveCfg = Release|Any CPU
		{E0B9CE1A-3439-4549-A21F-75A0A5E28BCE}.Release|Any CPU.Build.0 = Release|Any CPU
		{8139861E-203E-4963-B735-55206F186543}.Debug|Any CPU.ActiveCfg = Debug|Any CPU
		{8139861E-203E-4963-B735-55206F186543}.Debug|Any CPU.Build.0 = Debug|Any CPU
		{8139861E-203E-4963-B735-55206F186543}.Release|Any CPU.ActiveCfg = Release|Any CPU
		{8139861E-203E-4963-B735-55206F186543}.Release|Any CPU.Build.0 = Release|Any CPU
		{4F9E8D8B-5D91-4C0C-BB08-474B1185BC00}.Debug|Any CPU.ActiveCfg = Debug|Any CPU
		{4F9E8D8B-5D91-4C0C-BB08-474B1185BC00}.Debug|Any CPU.Build.0 = Debug|Any CPU
		{4F9E8D8B-5D91-4C0C-BB08-474B1185BC00}.Release|Any CPU.ActiveCfg = Release|Any CPU
		{4F9E8D8B-5D91-4C0C-BB08-474B1185BC00}.Release|Any CPU.Build.0 = Release|Any CPU
	EndGlobalSection
	GlobalSection(SolutionProperties) = preSolution
		HideSolutionNode = FALSE
	EndGlobalSection
	GlobalSection(ExtensibilityGlobals) = postSolution
		SolutionGuid = {DF01CFD5-6A3D-4487-AB96-93A82197E044}
	EndGlobalSection
EndGlobal
